
Microsoft Visual Studio Solution File, Format Version 12.00
# Visual Studio 15
VisualStudioVersion = 15.0.27130.2036
MinimumVisualStudioVersion = 10.0.40219.1
Project("{FAE04EC0-301F-11D3-BF4B-00C04F79EFBC}") = "Faktöriyel Hesaplama v2.0", "Faktöriyel Hesaplama v2.0\Faktöriyel Hesaplama v2.0.csproj", "{1A7EEE56-FA51-4BD7-A0FA-1B6676CCD759}"
EndProject
Global
	GlobalSection(SolutionConfigurationPlatforms) = preSolution
		Debug|Any CPU = Debug|Any CPU
		Release|Any CPU = Release|Any CPU
	EndGlobalSection
	GlobalSection(ProjectConfigurationPlatforms) = postSolution
		{1A7EEE56-FA51-4BD7-A0FA-1B6676CCD759}.Debug|Any CPU.ActiveCfg = Debug|Any CPU
		{1A7EEE56-FA51-4BD7-A0FA-1B6676CCD759}.Debug|Any CPU.Build.0 = Debug|Any CPU
		{1A7EEE56-FA51-4BD7-A0FA-1B6676CCD759}.Release|Any CPU.ActiveCfg = Release|Any CPU
		{1A7EEE56-FA51-4BD7-A0FA-1B6676CCD759}.Release|Any CPU.Build.0 = Release|Any CPU
	EndGlobalSection
	GlobalSection(SolutionProperties) = preSolution
		HideSolutionNode = FALSE
	EndGlobalSection
	GlobalSection(ExtensibilityGlobals) = postSolution
		SolutionGuid = {45781C7C-CFF8-4C1A-A574-38252947D157}
	EndGlobalSection
EndGlobal
