
Microsoft Visual Studio Solution File, Format Version 12.00
# Visual Studio 15
VisualStudioVersion = 15.0.27130.2036
MinimumVisualStudioVersion = 10.0.40219.1
Project("{FAE04EC0-301F-11D3-BF4B-00C04F79EFBC}") = "Mevsim Ayları v1.0", "Mevsim Ayları v1.0\Mevsim Ayları v1.0.csproj", "{E453A4E5-89E6-4D89-80D0-3E266D22EA73}"
EndProject
Global
	GlobalSection(SolutionConfigurationPlatforms) = preSolution
		Debug|Any CPU = Debug|Any CPU
		Release|Any CPU = Release|Any CPU
	EndGlobalSection
	GlobalSection(ProjectConfigurationPlatforms) = postSolution
		{E453A4E5-89E6-4D89-80D0-3E266D22EA73}.Debug|Any CPU.ActiveCfg = Debug|Any CPU
		{E453A4E5-89E6-4D89-80D0-3E266D22EA73}.Debug|Any CPU.Build.0 = Debug|Any CPU
		{E453A4E5-89E6-4D89-80D0-3E266D22EA73}.Release|Any CPU.ActiveCfg = Release|Any CPU
		{E453A4E5-89E6-4D89-80D0-3E266D22EA73}.Release|Any CPU.Build.0 = Release|Any CPU
	EndGlobalSection
	GlobalSection(SolutionProperties) = preSolution
		HideSolutionNode = FALSE
	EndGlobalSection
	GlobalSection(ExtensibilityGlobals) = postSolution
		SolutionGuid = {7BFF276A-0EF1-4BB1-B6E2-D66527552A18}
	EndGlobalSection
EndGlobal
