
Microsoft Visual Studio Solution File, Format Version 12.00
# Visual Studio 15
VisualStudioVersion = 15.0.27130.2036
MinimumVisualStudioVersion = 10.0.40219.1
Project("{FAE04EC0-301F-11D3-BF4B-00C04F79EFBC}") = "Faktöriyel", "Faktöriyel\Faktöriyel.csproj", "{6C8C4D46-8D9C-4289-9480-14C2F3F6DC04}"
EndProject
Global
	GlobalSection(SolutionConfigurationPlatforms) = preSolution
		Debug|Any CPU = Debug|Any CPU
		Release|Any CPU = Release|Any CPU
	EndGlobalSection
	GlobalSection(ProjectConfigurationPlatforms) = postSolution
		{6C8C4D46-8D9C-4289-9480-14C2F3F6DC04}.Debug|Any CPU.ActiveCfg = Debug|Any CPU
		{6C8C4D46-8D9C-4289-9480-14C2F3F6DC04}.Debug|Any CPU.Build.0 = Debug|Any CPU
		{6C8C4D46-8D9C-4289-9480-14C2F3F6DC04}.Release|Any CPU.ActiveCfg = Release|Any CPU
		{6C8C4D46-8D9C-4289-9480-14C2F3F6DC04}.Release|Any CPU.Build.0 = Release|Any CPU
	EndGlobalSection
	GlobalSection(SolutionProperties) = preSolution
		HideSolutionNode = FALSE
	EndGlobalSection
	GlobalSection(ExtensibilityGlobals) = postSolution
		SolutionGuid = {44A9703E-2E36-406C-B9FA-843C7C3FA957}
	EndGlobalSection
EndGlobal
