
Microsoft Visual Studio Solution File, Format Version 12.00
# Visual Studio 15
VisualStudioVersion = 15.0.27130.2036
MinimumVisualStudioVersion = 10.0.40219.1
Project("{FAE04EC0-301F-11D3-BF4B-00C04F79EFBC}") = "Kare-Dikdörtgen Alan-Çevre Bulma v1.0", "Kare-Dikdörtgen Alan-Çevre Bulma v1.0\Kare-Dikdörtgen Alan-Çevre Bulma v1.0.csproj", "{926DA73C-EB01-40D2-926A-C4B014DEFE7B}"
EndProject
Global
	GlobalSection(SolutionConfigurationPlatforms) = preSolution
		Debug|Any CPU = Debug|Any CPU
		Release|Any CPU = Release|Any CPU
	EndGlobalSection
	GlobalSection(ProjectConfigurationPlatforms) = postSolution
		{926DA73C-EB01-40D2-926A-C4B014DEFE7B}.Debug|Any CPU.ActiveCfg = Debug|Any CPU
		{926DA73C-EB01-40D2-926A-C4B014DEFE7B}.Debug|Any CPU.Build.0 = Debug|Any CPU
		{926DA73C-EB01-40D2-926A-C4B014DEFE7B}.Release|Any CPU.ActiveCfg = Release|Any CPU
		{926DA73C-EB01-40D2-926A-C4B014DEFE7B}.Release|Any CPU.Build.0 = Release|Any CPU
	EndGlobalSection
	GlobalSection(SolutionProperties) = preSolution
		HideSolutionNode = FALSE
	EndGlobalSection
	GlobalSection(ExtensibilityGlobals) = postSolution
		SolutionGuid = {4A028106-9CC4-4E99-BC31-81560E08C11A}
	EndGlobalSection
EndGlobal
